
Microsoft Visual Studio Solution File, Format Version 12.00
# Visual Studio 14
VisualStudioVersion = 14.0.25420.1
MinimumVisualStudioVersion = 10.0.40219.1
Project("{FAE04EC0-301F-11D3-BF4B-00C04F79EFBC}") = "MethodPractice1", "MethodPractice1\MethodPractice1.csproj", "{DFD6E66A-D0E7-42B1-9CDF-3909649DB061}"
EndProject
Global
	GlobalSection(SolutionConfigurationPlatforms) = preSolution
		Debug|Any CPU = Debug|Any CPU
		Release|Any CPU = Release|Any CPU
	EndGlobalSection
	GlobalSection(ProjectConfigurationPlatforms) = postSolution
		{DFD6E66A-D0E7-42B1-9CDF-3909649DB061}.Debug|Any CPU.ActiveCfg = Debug|Any CPU
		{DFD6E66A-D0E7-42B1-9CDF-3909649DB061}.Debug|Any CPU.Build.0 = Debug|Any CPU
		{DFD6E66A-D0E7-42B1-9CDF-3909649DB061}.Release|Any CPU.ActiveCfg = Release|Any CPU
		{DFD6E66A-D0E7-42B1-9CDF-3909649DB061}.Release|Any CPU.Build.0 = Release|Any CPU
	EndGlobalSection
	GlobalSection(SolutionProperties) = preSolution
		HideSolutionNode = FALSE
	EndGlobalSection
EndGlobal
